
Microsoft Visual Studio Solution File, Format Version 11.00
# Visual Studio 2010
Project("{FAE04EC0-301F-11D3-BF4B-00C04F79EFBC}") = "PhotonChat", "PhotonChat.csproj", "{d04ad5ad-3eec-6aea-e7ec-2de688384813}"
EndProject
Project("{FAE04EC0-301F-11D3-BF4B-00C04F79EFBC}") = "PhotonRealtime", "PhotonRealtime.csproj", "{7a501430-8785-8dbd-bd0b-5365db0a8489}"
EndProject
Project("{FAE04EC0-301F-11D3-BF4B-00C04F79EFBC}") = "Assembly-CSharp", "Assembly-CSharp.csproj", "{47467a5c-817e-6d81-de63-18bf2b8103e6}"
EndProject
Project("{FAE04EC0-301F-11D3-BF4B-00C04F79EFBC}") = "PhotonUnityNetworking.Editor", "PhotonUnityNetworking.Editor.csproj", "{401ef0c9-96ab-f76e-bdb3-b99e8024ae2c}"
EndProject
Project("{FAE04EC0-301F-11D3-BF4B-00C04F79EFBC}") = "PhotonUnityNetworking", "PhotonUnityNetworking.csproj", "{ea5378ce-47b1-94d9-ff37-4e9837d9d4b2}"
EndProject
Project("{FAE04EC0-301F-11D3-BF4B-00C04F79EFBC}") = "lilToon.Editor", "lilToon.Editor.csproj", "{2bab9b75-c7c0-ec68-03c1-48275075cbd8}"
EndProject
Project("{FAE04EC0-301F-11D3-BF4B-00C04F79EFBC}") = "PhotonUnityNetworking.Demos", "PhotonUnityNetworking.Demos.csproj", "{be91cbf4-917d-a530-18d6-57723799951a}"
EndProject
Project("{FAE04EC0-301F-11D3-BF4B-00C04F79EFBC}") = "PhotonUnityNetworking.Utilities.PhotonPlayer.Editor", "PhotonUnityNetworking.Utilities.PhotonPlayer.Editor.csproj", "{398d7bb6-5027-0cff-4430-646115068800}"
EndProject
Project("{FAE04EC0-301F-11D3-BF4B-00C04F79EFBC}") = "PhotonUnityNetworking.Utilities", "PhotonUnityNetworking.Utilities.csproj", "{7b4023b6-7d87-d6c2-694b-724a41c9ff66}"
EndProject
Project("{FAE04EC0-301F-11D3-BF4B-00C04F79EFBC}") = "PunDemos.DemoHubEditor", "PunDemos.DemoHubEditor.csproj", "{162a9ec6-10bc-de3f-01ca-61278737364f}"
EndProject
Project("{FAE04EC0-301F-11D3-BF4B-00C04F79EFBC}") = "Assembly-CSharp-Editor", "Assembly-CSharp-Editor.csproj", "{cbf04315-d10a-4545-5ac2-9ab87c65a092}"
EndProject
Project("{FAE04EC0-301F-11D3-BF4B-00C04F79EFBC}") = "PunDemos.DemoSlotcarEditor", "PunDemos.DemoSlotcarEditor.csproj", "{528aef29-d90c-d36c-a210-ae2a6b157b8e}"
EndProject
Project("{FAE04EC0-301F-11D3-BF4B-00C04F79EFBC}") = "lilToon.Editor.External", "lilToon.Editor.External.csproj", "{5926aba9-e706-7b59-2e59-d9065d446b1b}"
EndProject
Project("{FAE04EC0-301F-11D3-BF4B-00C04F79EFBC}") = "PhotonUnityNetworking.Utilities.Culling.Editor", "PhotonUnityNetworking.Utilities.Culling.Editor.csproj", "{beebe542-443c-e2e1-525e-b9d1053da193}"
EndProject
Global
	GlobalSection(SolutionConfigurationPlatforms) = preSolution
		Debug|Any CPU = Debug|Any CPU
	EndGlobalSection
	GlobalSection(ProjectConfigurationPlatforms) = postSolution
		{d04ad5ad-3eec-6aea-e7ec-2de688384813}.Debug|Any CPU.ActiveCfg = Debug|Any CPU
		{d04ad5ad-3eec-6aea-e7ec-2de688384813}.Debug|Any CPU.Build.0 = Debug|Any CPU
		{7a501430-8785-8dbd-bd0b-5365db0a8489}.Debug|Any CPU.ActiveCfg = Debug|Any CPU
		{7a501430-8785-8dbd-bd0b-5365db0a8489}.Debug|Any CPU.Build.0 = Debug|Any CPU
		{47467a5c-817e-6d81-de63-18bf2b8103e6}.Debug|Any CPU.ActiveCfg = Debug|Any CPU
		{47467a5c-817e-6d81-de63-18bf2b8103e6}.Debug|Any CPU.Build.0 = Debug|Any CPU
		{401ef0c9-96ab-f76e-bdb3-b99e8024ae2c}.Debug|Any CPU.ActiveCfg = Debug|Any CPU
		{401ef0c9-96ab-f76e-bdb3-b99e8024ae2c}.Debug|Any CPU.Build.0 = Debug|Any CPU
		{ea5378ce-47b1-94d9-ff37-4e9837d9d4b2}.Debug|Any CPU.ActiveCfg = Debug|Any CPU
		{ea5378ce-47b1-94d9-ff37-4e9837d9d4b2}.Debug|Any CPU.Build.0 = Debug|Any CPU
		{2bab9b75-c7c0-ec68-03c1-48275075cbd8}.Debug|Any CPU.ActiveCfg = Debug|Any CPU
		{2bab9b75-c7c0-ec68-03c1-48275075cbd8}.Debug|Any CPU.Build.0 = Debug|Any CPU
		{be91cbf4-917d-a530-18d6-57723799951a}.Debug|Any CPU.ActiveCfg = Debug|Any CPU
		{be91cbf4-917d-a530-18d6-57723799951a}.Debug|Any CPU.Build.0 = Debug|Any CPU
		{398d7bb6-5027-0cff-4430-646115068800}.Debug|Any CPU.ActiveCfg = Debug|Any CPU
		{398d7bb6-5027-0cff-4430-646115068800}.Debug|Any CPU.Build.0 = Debug|Any CPU
		{7b4023b6-7d87-d6c2-694b-724a41c9ff66}.Debug|Any CPU.ActiveCfg = Debug|Any CPU
		{7b4023b6-7d87-d6c2-694b-724a41c9ff66}.Debug|Any CPU.Build.0 = Debug|Any CPU
		{162a9ec6-10bc-de3f-01ca-61278737364f}.Debug|Any CPU.ActiveCfg = Debug|Any CPU
		{162a9ec6-10bc-de3f-01ca-61278737364f}.Debug|Any CPU.Build.0 = Debug|Any CPU
		{cbf04315-d10a-4545-5ac2-9ab87c65a092}.Debug|Any CPU.ActiveCfg = Debug|Any CPU
		{cbf04315-d10a-4545-5ac2-9ab87c65a092}.Debug|Any CPU.Build.0 = Debug|Any CPU
		{528aef29-d90c-d36c-a210-ae2a6b157b8e}.Debug|Any CPU.ActiveCfg = Debug|Any CPU
		{528aef29-d90c-d36c-a210-ae2a6b157b8e}.Debug|Any CPU.Build.0 = Debug|Any CPU
		{5926aba9-e706-7b59-2e59-d9065d446b1b}.Debug|Any CPU.ActiveCfg = Debug|Any CPU
		{5926aba9-e706-7b59-2e59-d9065d446b1b}.Debug|Any CPU.Build.0 = Debug|Any CPU
		{beebe542-443c-e2e1-525e-b9d1053da193}.Debug|Any CPU.ActiveCfg = Debug|Any CPU
		{beebe542-443c-e2e1-525e-b9d1053da193}.Debug|Any CPU.Build.0 = Debug|Any CPU
	EndGlobalSection
	GlobalSection(SolutionProperties) = preSolution
		HideSolutionNode = FALSE
	EndGlobalSection
EndGlobal
