
Microsoft Visual Studio Solution File, Format Version 12.00
# Visual Studio 15
Project("{FAE04EC0-301F-11D3-BF4B-00C04F79EFBC}") = "PhotonChat", "PhotonChat.csproj", "{ADD54AD0-EC3E-EA6A-E7EC-2DE688384813}"
EndProject
Project("{FAE04EC0-301F-11D3-BF4B-00C04F79EFBC}") = "PhotonRealtime", "PhotonRealtime.csproj", "{3014507A-8587-BD8D-BD0B-5365DB0A8489}"
EndProject
Project("{FAE04EC0-301F-11D3-BF4B-00C04F79EFBC}") = "Assembly-CSharp", "Assembly-CSharp.csproj", "{5C7A4647-7E81-816D-DE63-18BF2B8103E6}"
EndProject
Project("{FAE04EC0-301F-11D3-BF4B-00C04F79EFBC}") = "PhotonUnityNetworking.Editor", "PhotonUnityNetworking.Editor.csproj", "{C9F01E40-AB96-6EF7-BDB3-B99E8024AE2C}"
EndProject
Project("{FAE04EC0-301F-11D3-BF4B-00C04F79EFBC}") = "PhotonUnityNetworking", "PhotonUnityNetworking.csproj", "{CE7853EA-B147-D994-FF37-4E9837D9D4B2}"
EndProject
Project("{FAE04EC0-301F-11D3-BF4B-00C04F79EFBC}") = "PhotonUnityNetworking.Demos", "PhotonUnityNetworking.Demos.csproj", "{F4CB91BE-7D91-30A5-18D6-57723799951A}"
EndProject
Project("{FAE04EC0-301F-11D3-BF4B-00C04F79EFBC}") = "PhotonUnityNetworking.Utilities.PhotonPlayer.Editor", "PhotonUnityNetworking.Utilities.PhotonPlayer.Editor.csproj", "{B67B8D39-2750-FF0C-4430-646115068800}"
EndProject
Project("{FAE04EC0-301F-11D3-BF4B-00C04F79EFBC}") = "PhotonUnityNetworking.Utilities", "PhotonUnityNetworking.Utilities.csproj", "{B623407B-877D-C2D6-694B-724A41C9FF66}"
EndProject
Project("{FAE04EC0-301F-11D3-BF4B-00C04F79EFBC}") = "PunDemos.DemoHubEditor", "PunDemos.DemoHubEditor.csproj", "{C69E2A16-BC10-3FDE-01CA-61278737364F}"
EndProject
Project("{FAE04EC0-301F-11D3-BF4B-00C04F79EFBC}") = "Assembly-CSharp-Editor", "Assembly-CSharp-Editor.csproj", "{1543F0CB-0AD1-4545-5AC2-9AB87C65A092}"
EndProject
Project("{FAE04EC0-301F-11D3-BF4B-00C04F79EFBC}") = "PunDemos.DemoSlotcarEditor", "PunDemos.DemoSlotcarEditor.csproj", "{29EF8A52-0CD9-6CD3-A210-AE2A6B157B8E}"
EndProject
Project("{FAE04EC0-301F-11D3-BF4B-00C04F79EFBC}") = "PhotonUnityNetworking.Utilities.Culling.Editor", "PhotonUnityNetworking.Utilities.Culling.Editor.csproj", "{42E5EBBE-3C44-E1E2-525E-B9D1053DA193}"
EndProject
Global
	GlobalSection(SolutionConfigurationPlatforms) = preSolution
		Debug|Any CPU = Debug|Any CPU
		Release|Any CPU = Release|Any CPU
	EndGlobalSection
	GlobalSection(ProjectConfigurationPlatforms) = postSolution
		{ADD54AD0-EC3E-EA6A-E7EC-2DE688384813}.Debug|Any CPU.ActiveCfg = Debug|Any CPU
		{ADD54AD0-EC3E-EA6A-E7EC-2DE688384813}.Debug|Any CPU.Build.0 = Debug|Any CPU
		{ADD54AD0-EC3E-EA6A-E7EC-2DE688384813}.Release|Any CPU.ActiveCfg = Release|Any CPU
		{ADD54AD0-EC3E-EA6A-E7EC-2DE688384813}.Release|Any CPU.Build.0 = Release|Any CPU
		{3014507A-8587-BD8D-BD0B-5365DB0A8489}.Debug|Any CPU.ActiveCfg = Debug|Any CPU
		{3014507A-8587-BD8D-BD0B-5365DB0A8489}.Debug|Any CPU.Build.0 = Debug|Any CPU
		{3014507A-8587-BD8D-BD0B-5365DB0A8489}.Release|Any CPU.ActiveCfg = Release|Any CPU
		{3014507A-8587-BD8D-BD0B-5365DB0A8489}.Release|Any CPU.Build.0 = Release|Any CPU
		{5C7A4647-7E81-816D-DE63-18BF2B8103E6}.Debug|Any CPU.ActiveCfg = Debug|Any CPU
		{5C7A4647-7E81-816D-DE63-18BF2B8103E6}.Debug|Any CPU.Build.0 = Debug|Any CPU
		{5C7A4647-7E81-816D-DE63-18BF2B8103E6}.Release|Any CPU.ActiveCfg = Release|Any CPU
		{5C7A4647-7E81-816D-DE63-18BF2B8103E6}.Release|Any CPU.Build.0 = Release|Any CPU
		{C9F01E40-AB96-6EF7-BDB3-B99E8024AE2C}.Debug|Any CPU.ActiveCfg = Debug|Any CPU
		{C9F01E40-AB96-6EF7-BDB3-B99E8024AE2C}.Debug|Any CPU.Build.0 = Debug|Any CPU
		{C9F01E40-AB96-6EF7-BDB3-B99E8024AE2C}.Release|Any CPU.ActiveCfg = Release|Any CPU
		{C9F01E40-AB96-6EF7-BDB3-B99E8024AE2C}.Release|Any CPU.Build.0 = Release|Any CPU
		{CE7853EA-B147-D994-FF37-4E9837D9D4B2}.Debug|Any CPU.ActiveCfg = Debug|Any CPU
		{CE7853EA-B147-D994-FF37-4E9837D9D4B2}.Debug|Any CPU.Build.0 = Debug|Any CPU
		{CE7853EA-B147-D994-FF37-4E9837D9D4B2}.Release|Any CPU.ActiveCfg = Release|Any CPU
		{CE7853EA-B147-D994-FF37-4E9837D9D4B2}.Release|Any CPU.Build.0 = Release|Any CPU
		{F4CB91BE-7D91-30A5-18D6-57723799951A}.Debug|Any CPU.ActiveCfg = Debug|Any CPU
		{F4CB91BE-7D91-30A5-18D6-57723799951A}.Debug|Any CPU.Build.0 = Debug|Any CPU
		{F4CB91BE-7D91-30A5-18D6-57723799951A}.Release|Any CPU.ActiveCfg = Release|Any CPU
		{F4CB91BE-7D91-30A5-18D6-57723799951A}.Release|Any CPU.Build.0 = Release|Any CPU
		{B67B8D39-2750-FF0C-4430-646115068800}.Debug|Any CPU.ActiveCfg = Debug|Any CPU
		{B67B8D39-2750-FF0C-4430-646115068800}.Debug|Any CPU.Build.0 = Debug|Any CPU
		{B67B8D39-2750-FF0C-4430-646115068800}.Release|Any CPU.ActiveCfg = Release|Any CPU
		{B67B8D39-2750-FF0C-4430-646115068800}.Release|Any CPU.Build.0 = Release|Any CPU
		{B623407B-877D-C2D6-694B-724A41C9FF66}.Debug|Any CPU.ActiveCfg = Debug|Any CPU
		{B623407B-877D-C2D6-694B-724A41C9FF66}.Debug|Any CPU.Build.0 = Debug|Any CPU
		{B623407B-877D-C2D6-694B-724A41C9FF66}.Release|Any CPU.ActiveCfg = Release|Any CPU
		{B623407B-877D-C2D6-694B-724A41C9FF66}.Release|Any CPU.Build.0 = Release|Any CPU
		{C69E2A16-BC10-3FDE-01CA-61278737364F}.Debug|Any CPU.ActiveCfg = Debug|Any CPU
		{C69E2A16-BC10-3FDE-01CA-61278737364F}.Debug|Any CPU.Build.0 = Debug|Any CPU
		{C69E2A16-BC10-3FDE-01CA-61278737364F}.Release|Any CPU.ActiveCfg = Release|Any CPU
		{C69E2A16-BC10-3FDE-01CA-61278737364F}.Release|Any CPU.Build.0 = Release|Any CPU
		{1543F0CB-0AD1-4545-5AC2-9AB87C65A092}.Debug|Any CPU.ActiveCfg = Debug|Any CPU
		{1543F0CB-0AD1-4545-5AC2-9AB87C65A092}.Debug|Any CPU.Build.0 = Debug|Any CPU
		{1543F0CB-0AD1-4545-5AC2-9AB87C65A092}.Release|Any CPU.ActiveCfg = Release|Any CPU
		{1543F0CB-0AD1-4545-5AC2-9AB87C65A092}.Release|Any CPU.Build.0 = Release|Any CPU
		{29EF8A52-0CD9-6CD3-A210-AE2A6B157B8E}.Debug|Any CPU.ActiveCfg = Debug|Any CPU
		{29EF8A52-0CD9-6CD3-A210-AE2A6B157B8E}.Debug|Any CPU.Build.0 = Debug|Any CPU
		{29EF8A52-0CD9-6CD3-A210-AE2A6B157B8E}.Release|Any CPU.ActiveCfg = Release|Any CPU
		{29EF8A52-0CD9-6CD3-A210-AE2A6B157B8E}.Release|Any CPU.Build.0 = Release|Any CPU
		{42E5EBBE-3C44-E1E2-525E-B9D1053DA193}.Debug|Any CPU.ActiveCfg = Debug|Any CPU
		{42E5EBBE-3C44-E1E2-525E-B9D1053DA193}.Debug|Any CPU.Build.0 = Debug|Any CPU
		{42E5EBBE-3C44-E1E2-525E-B9D1053DA193}.Release|Any CPU.ActiveCfg = Release|Any CPU
		{42E5EBBE-3C44-E1E2-525E-B9D1053DA193}.Release|Any CPU.Build.0 = Release|Any CPU
	EndGlobalSection
	GlobalSection(SolutionProperties) = preSolution
		HideSolutionNode = FALSE
	EndGlobalSection
EndGlobal
